
Microsoft Visual Studio Solution File, Format Version 12.00
# Visual Studio Version 17
VisualStudioVersion = 17.0.31903.59
MinimumVisualStudioVersion = 10.0.40219.1
Project("{FAE04EC0-301F-11D3-BF4B-00C04F79EFBC}") = "PartnerPOI.API", "PartnerPOI.API\PartnerPOI.API.csproj", "{442078E8-1023-4829-BF92-6AE81A6061C4}"
EndProject
Project("{FAE04EC0-301F-11D3-BF4B-00C04F79EFBC}") = "PartnerPOI.Tests", "PartnerPOI.Tests\PartnerPOI.Tests.csproj", "{30996FAF-ADA6-424A-ADD7-56FD5BA28930}"
EndProject
Global
	GlobalSection(SolutionConfigurationPlatforms) = preSolution
		Debug|Any CPU = Debug|Any CPU
		Release|Any CPU = Release|Any CPU
	EndGlobalSection
	GlobalSection(SolutionProperties) = preSolution
		HideSolutionNode = FALSE
	EndGlobalSection
	GlobalSection(ProjectConfigurationPlatforms) = postSolution
		{442078E8-1023-4829-BF92-6AE81A6061C4}.Debug|Any CPU.ActiveCfg = Debug|Any CPU
		{442078E8-1023-4829-BF92-6AE81A6061C4}.Debug|Any CPU.Build.0 = Debug|Any CPU
		{442078E8-1023-4829-BF92-6AE81A6061C4}.Release|Any CPU.ActiveCfg = Release|Any CPU
		{442078E8-1023-4829-BF92-6AE81A6061C4}.Release|Any CPU.Build.0 = Release|Any CPU
		{30996FAF-ADA6-424A-ADD7-56FD5BA28930}.Debug|Any CPU.ActiveCfg = Debug|Any CPU
		{30996FAF-ADA6-424A-ADD7-56FD5BA28930}.Debug|Any CPU.Build.0 = Debug|Any CPU
		{30996FAF-ADA6-424A-ADD7-56FD5BA28930}.Release|Any CPU.ActiveCfg = Release|Any CPU
		{30996FAF-ADA6-424A-ADD7-56FD5BA28930}.Release|Any CPU.Build.0 = Release|Any CPU
	EndGlobalSection
EndGlobal
